// !$*UTF8*$!
{
	archiveVersion = 1;
	classes = {
	};
	objectVersion = 50;
	objects = {

/* Begin PBXBuildFile section */
		2A5981B02625D00900C19E1A /* AppDelegate.swift in Sources */ = {isa = PBXBuildFile; fileRef = 2A5981AF2625D00900C19E1A /* AppDelegate.swift */; };
		2A5981B22625D00900C19E1A /* SceneDelegate.swift in Sources */ = {isa = PBXBuildFile; fileRef = 2A5981B12625D00900C19E1A /* SceneDelegate.swift */; };
		2A5981B42625D00900C19E1A /* ViewController.swift in Sources */ = {isa = PBXBuildFile; fileRef = 2A5981B32625D00900C19E1A /* ViewController.swift */; };
		2A5981B72625D00900C19E1A /* Main.storyboard in Resources */ = {isa = PBXBuildFile; fileRef = 2A5981B52625D00900C19E1A /* Main.storyboard */; };
		2A5981B92625D00A00C19E1A /* Assets.xcassets in Resources */ = {isa = PBXBuildFile; fileRef = 2A5981B82625D00A00C19E1A /* Assets.xcassets */; };
		2A5981BC2625D00A00C19E1A /* LaunchScreen.storyboard in Resources */ = {isa = PBXBuildFile; fileRef = 2A5981BA2625D00A00C19E1A /* LaunchScreen.storyboard */; };
		2A5981C72625D00B00C19E1A /* BoomVideoPlayerTests.swift in Sources */ = {isa = PBXBuildFile; fileRef = 2A5981C62625D00B00C19E1A /* BoomVideoPlayerTests.swift */; };
		2A5981D22625D00B00C19E1A /* BoomVideoPlayerUITests.swift in Sources */ = {isa = PBXBuildFile; fileRef = 2A5981D12625D00B00C19E1A /* BoomVideoPlayerUITests.swift */; };
		2A5981E62625D05600C19E1A /* BoomVideoPlayerController.swift in Sources */ = {isa = PBXBuildFile; fileRef = 2A5981E52625D05600C19E1A /* BoomVideoPlayerController.swift */; };
		2A5981EB2625D07200C19E1A /* BoomVideoPlayerControlView.swift in Sources */ = {isa = PBXBuildFile; fileRef = 2A5981EA2625D07200C19E1A /* BoomVideoPlayerControlView.swift */; };
		2A5981FC2625D3AF00C19E1A /* BoomReachability.swift in Sources */ = {isa = PBXBuildFile; fileRef = 2A5981FB2625D3AF00C19E1A /* BoomReachability.swift */; };
/* End PBXBuildFile section */

/* Begin PBXContainerItemProxy section */
		2A5981C32625D00B00C19E1A /* PBXContainerItemProxy */ = {
			isa = PBXContainerItemProxy;
			containerPortal = 2A5981A42625D00900C19E1A /* Project object */;
			proxyType = 1;
			remoteGlobalIDString = 2A5981AB2625D00900C19E1A;
			remoteInfo = BoomVideoPlayer;
		};
		2A5981CE2625D00B00C19E1A /* PBXContainerItemProxy */ = {
			isa = PBXContainerItemProxy;
			containerPortal = 2A5981A42625D00900C19E1A /* Project object */;
			proxyType = 1;
			remoteGlobalIDString = 2A5981AB2625D00900C19E1A;
			remoteInfo = BoomVideoPlayer;
		};
/* End PBXContainerItemProxy section */

/* Begin PBXFileReference section */
		2A5981AC2625D00900C19E1A /* BoomVideoPlayer.app */ = {isa = PBXFileReference; explicitFileType = wrapper.application; includeInIndex = 0; path = BoomVideoPlayer.app; sourceTree = BUILT_PRODUCTS_DIR; };
		2A5981AF2625D00900C19E1A /* AppDelegate.swift */ = {isa = PBXFileReference; lastKnownFileType = sourcecode.swift; path = AppDelegate.swift; sourceTree = "<group>"; };
		2A5981B12625D00900C19E1A /* SceneDelegate.swift */ = {isa = PBXFileReference; lastKnownFileType = sourcecode.swift; path = SceneDelegate.swift; sourceTree = "<group>"; };
		2A5981B32625D00900C19E1A /* ViewController.swift */ = {isa = PBXFileReference; lastKnownFileType = sourcecode.swift; path = ViewController.swift; sourceTree = "<group>"; };
		2A5981B62625D00900C19E1A /* Base */ = {isa = PBXFileReference; lastKnownFileType = file.storyboard; name = Base; path = Base.lproj/Main.storyboard; sourceTree = "<group>"; };
		2A5981B82625D00A00C19E1A /* Assets.xcassets */ = {isa = PBXFileReference; lastKnownFileType = folder.assetcatalog; path = Assets.xcassets; sourceTree = "<group>"; };
		2A5981BB2625D00A00C19E1A /* Base */ = {isa = PBXFileReference; lastKnownFileType = file.storyboard; name = Base; path = Base.lproj/LaunchScreen.storyboard; sourceTree = "<group>"; };
		2A5981BD2625D00A00C19E1A /* Info.plist */ = {isa = PBXFileReference; lastKnownFileType = text.plist.xml; path = Info.plist; sourceTree = "<group>"; };
		2A5981C22625D00B00C19E1A /* BoomVideoPlayerTests.xctest */ = {isa = PBXFileReference; explicitFileType = wrapper.cfbundle; includeInIndex = 0; path = BoomVideoPlayerTests.xctest; sourceTree = BUILT_PRODUCTS_DIR; };
		2A5981C62625D00B00C19E1A /* BoomVideoPlayerTests.swift */ = {isa = PBXFileReference; lastKnownFileType = sourcecode.swift; path = BoomVideoPlayerTests.swift; sourceTree = "<group>"; };
		2A5981C82625D00B00C19E1A /* Info.plist */ = {isa = PBXFileReference; lastKnownFileType = text.plist.xml; path = Info.plist; sourceTree = "<group>"; };
		2A5981CD2625D00B00C19E1A /* BoomVideoPlayerUITests.xctest */ = {isa = PBXFileReference; explicitFileType = wrapper.cfbundle; includeInIndex = 0; path = BoomVideoPlayerUITests.xctest; sourceTree = BUILT_PRODUCTS_DIR; };
		2A5981D12625D00B00C19E1A /* BoomVideoPlayerUITests.swift */ = {isa = PBXFileReference; lastKnownFileType = sourcecode.swift; path = BoomVideoPlayerUITests.swift; sourceTree = "<group>"; };
		2A5981D32625D00B00C19E1A /* Info.plist */ = {isa = PBXFileReference; lastKnownFileType = text.plist.xml; path = Info.plist; sourceTree = "<group>"; };
		2A5981E52625D05600C19E1A /* BoomVideoPlayerController.swift */ = {isa = PBXFileReference; lastKnownFileType = sourcecode.swift; path = BoomVideoPlayerController.swift; sourceTree = "<group>"; };
		2A5981EA2625D07200C19E1A /* BoomVideoPlayerControlView.swift */ = {isa = PBXFileReference; lastKnownFileType = sourcecode.swift; path = BoomVideoPlayerControlView.swift; sourceTree = "<group>"; };
		2A5981FB2625D3AF00C19E1A /* BoomReachability.swift */ = {isa = PBXFileReference; lastKnownFileType = sourcecode.swift; path = BoomReachability.swift; sourceTree = "<group>"; };
/* End PBXFileReference section */

/* Begin PBXFrameworksBuildPhase section */
		2A5981A92625D00900C19E1A /* Frameworks */ = {
			isa = PBXFrameworksBuildPhase;
			buildActionMask = 2147483647;
			files = (
			);
			runOnlyForDeploymentPostprocessing = 0;
		};
		2A5981BF2625D00B00C19E1A /* Frameworks */ = {
			isa = PBXFrameworksBuildPhase;
			buildActionMask = 2147483647;
			files = (
			);
			runOnlyForDeploymentPostprocessing = 0;
		};
		2A5981CA2625D00B00C19E1A /* Frameworks */ = {
			isa = PBXFrameworksBuildPhase;
			buildActionMask = 2147483647;
			files = (
			);
			runOnlyForDeploymentPostprocessing = 0;
		};
/* End PBXFrameworksBuildPhase section */

/* Begin PBXGroup section */
		2A5981A32625D00900C19E1A = {
			isa = PBXGroup;
			children = (
				2A5981AE2625D00900C19E1A /* BoomVideoPlayer */,
				2A5981C52625D00B00C19E1A /* BoomVideoPlayerTests */,
				2A5981D02625D00B00C19E1A /* BoomVideoPlayerUITests */,
				2A5981AD2625D00900C19E1A /* Products */,
			);
			sourceTree = "<group>";
		};
		2A5981AD2625D00900C19E1A /* Products */ = {
			isa = PBXGroup;
			children = (
				2A5981AC2625D00900C19E1A /* BoomVideoPlayer.app */,
				2A5981C22625D00B00C19E1A /* BoomVideoPlayerTests.xctest */,
				2A5981CD2625D00B00C19E1A /* BoomVideoPlayerUITests.xctest */,
			);
			name = Products;
			sourceTree = "<group>";
		};
		2A5981AE2625D00900C19E1A /* BoomVideoPlayer */ = {
			isa = PBXGroup;
			children = (
				2A5981AF2625D00900C19E1A /* AppDelegate.swift */,
				2A5981B12625D00900C19E1A /* SceneDelegate.swift */,
				2A5981B32625D00900C19E1A /* ViewController.swift */,
				2A5981E52625D05600C19E1A /* BoomVideoPlayerController.swift */,
				2A5981EA2625D07200C19E1A /* BoomVideoPlayerControlView.swift */,
				2A5981FB2625D3AF00C19E1A /* BoomReachability.swift */,
				2A5981B52625D00900C19E1A /* Main.storyboard */,
				2A5981B82625D00A00C19E1A /* Assets.xcassets */,
				2A5981BA2625D00A00C19E1A /* LaunchScreen.storyboard */,
				2A5981BD2625D00A00C19E1A /* Info.plist */,
			);
			path = BoomVideoPlayer;
			sourceTree = "<group>";
		};
		2A5981C52625D00B00C19E1A /* BoomVideoPlayerTests */ = {
			isa = PBXGroup;
			children = (
				2A5981C62625D00B00C19E1A /* BoomVideoPlayerTests.swift */,
				2A5981C82625D00B00C19E1A /* Info.plist */,
			);
			path = BoomVideoPlayerTests;
			sourceTree = "<group>";
		};
		2A5981D02625D00B00C19E1A /* BoomVideoPlayerUITests */ = {
			isa = PBXGroup;
			children = (
				2A5981D12625D00B00C19E1A /* BoomVideoPlayerUITests.swift */,
				2A5981D32625D00B00C19E1A /* Info.plist */,
			);
			path = BoomVideoPlayerUITests;
			sourceTree = "<group>";
		};
/* End PBXGroup section */

/* Begin PBXNativeTarget section */
		2A5981AB2625D00900C19E1A /* BoomVideoPlayer */ = {
			isa = PBXNativeTarget;
			buildConfigurationList = 2A5981D62625D00B00C19E1A /* Build configuration list for PBXNativeTarget "BoomVideoPlayer" */;
			buildPhases = (
				2A5981A82625D00900C19E1A /* Sources */,
				2A5981A92625D00900C19E1A /* Frameworks */,
				2A5981AA2625D00900C19E1A /* Resources */,
			);
			buildRules = (
			);
			dependencies = (
			);
			name = BoomVideoPlayer;
			productName = BoomVideoPlayer;
			productReference = 2A5981AC2625D00900C19E1A /* BoomVideoPlayer.app */;
			productType = "com.apple.product-type.application";
		};
		2A5981C12625D00B00C19E1A /* BoomVideoPlayerTests */ = {
			isa = PBXNativeTarget;
			buildConfigurationList = 2A5981D92625D00B00C19E1A /* Build configuration list for PBXNativeTarget "BoomVideoPlayerTests" */;
			buildPhases = (
				2A5981BE2625D00B00C19E1A /* Sources */,
				2A5981BF2625D00B00C19E1A /* Frameworks */,
				2A5981C02625D00B00C19E1A /* Resources */,
			);
			buildRules = (
			);
			dependencies = (
				2A5981C42625D00B00C19E1A /* PBXTargetDependency */,
			);
			name = BoomVideoPlayerTests;
			productName = BoomVideoPlayerTests;
			productReference = 2A5981C22625D00B00C19E1A /* BoomVideoPlayerTests.xctest */;
			productType = "com.apple.product-type.bundle.unit-test";
		};
		2A5981CC2625D00B00C19E1A /* BoomVideoPlayerUITests */ = {
			isa = PBXNativeTarget;
			buildConfigurationList = 2A5981DC2625D00B00C19E1A /* Build configuration list for PBXNativeTarget "BoomVideoPlayerUITests" */;
			buildPhases = (
				2A5981C92625D00B00C19E1A /* Sources */,
				2A5981CA2625D00B00C19E1A /* Frameworks */,
				2A5981CB2625D00B00C19E1A /* Resources */,
			);
			buildRules = (
			);
			dependencies = (
				2A5981CF2625D00B00C19E1A /* PBXTargetDependency */,
			);
			name = BoomVideoPlayerUITests;
			productName = BoomVideoPlayerUITests;
			productReference = 2A5981CD2625D00B00C19E1A /* BoomVideoPlayerUITests.xctest */;
			productType = "com.apple.product-type.bundle.ui-testing";
		};
/* End PBXNativeTarget section */

/* Begin PBXProject section */
		2A5981A42625D00900C19E1A /* Project object */ = {
			isa = PBXProject;
			attributes = {
				LastSwiftUpdateCheck = 1230;
				LastUpgradeCheck = 1230;
				TargetAttributes = {
					2A5981AB2625D00900C19E1A = {
						CreatedOnToolsVersion = 12.3;
					};
					2A5981C12625D00B00C19E1A = {
						CreatedOnToolsVersion = 12.3;
						TestTargetID = 2A5981AB2625D00900C19E1A;
					};
					2A5981CC2625D00B00C19E1A = {
						CreatedOnToolsVersion = 12.3;
						TestTargetID = 2A5981AB2625D00900C19E1A;
					};
				};
			};
			buildConfigurationList = 2A5981A72625D00900C19E1A /* Build configuration list for PBXProject "BoomVideoPlayer" */;
			compatibilityVersion = "Xcode 9.3";
			developmentRegion = en;
			hasScannedForEncodings = 0;
			knownRegions = (
				en,
				Base,
			);
			mainGroup = 2A5981A32625D00900C19E1A;
			productRefGroup = 2A5981AD2625D00900C19E1A /* Products */;
			projectDirPath = "";
			projectRoot = "";
			targets = (
				2A5981AB2625D00900C19E1A /* BoomVideoPlayer */,
				2A5981C12625D00B00C19E1A /* BoomVideoPlayerTests */,
				2A5981CC2625D00B00C19E1A /* BoomVideoPlayerUITests */,
			);
		};
/* End PBXProject section */

/* Begin PBXResourcesBuildPhase section */
		2A5981AA2625D00900C19E1A /* Resources */ = {
			isa = PBXResourcesBuildPhase;
			buildActionMask = 2147483647;
			files = (
				2A5981BC2625D00A00C19E1A /* LaunchScreen.storyboard in Resources */,
				2A5981B92625D00A00C19E1A /* Assets.xcassets in Resources */,
				2A5981B72625D00900C19E1A /* Main.storyboard in Resources */,
			);
			runOnlyForDeploymentPostprocessing = 0;
		};
		2A5981C02625D00B00C19E1A /* Resources */ = {
			isa = PBXResourcesBuildPhase;
			buildActionMask = 2147483647;
			files = (
			);
			runOnlyForDeploymentPostprocessing = 0;
		};
		2A5981CB2625D00B00C19E1A /* Resources */ = {
			isa = PBXResourcesBuildPhase;
			buildActionMask = 2147483647;
			files = (
			);
			runOnlyForDeploymentPostprocessing = 0;
		};
/* End PBXResourcesBuildPhase section */

/* Begin PBXSourcesBuildPhase section */
		2A5981A82625D00900C19E1A /* Sources */ = {
			isa = PBXSourcesBuildPhase;
			buildActionMask = 2147483647;
			files = (
				2A5981B42625D00900C19E1A /* ViewController.swift in Sources */,
				2A5981B02625D00900C19E1A /* AppDelegate.swift in Sources */,
				2A5981EB2625D07200C19E1A /* BoomVideoPlayerControlView.swift in Sources */,
				2A5981B22625D00900C19E1A /* SceneDelegate.swift in Sources */,
				2A5981E62625D05600C19E1A /* BoomVideoPlayerController.swift in Sources */,
				2A5981FC2625D3AF00C19E1A /* BoomReachability.swift in Sources */,
			);
			runOnlyForDeploymentPostprocessing = 0;
		};
		2A5981BE2625D00B00C19E1A /* Sources */ = {
			isa = PBXSourcesBuildPhase;
			buildActionMask = 2147483647;
			files = (
				2A5981C72625D00B00C19E1A /* BoomVideoPlayerTests.swift in Sources */,
			);
			runOnlyForDeploymentPostprocessing = 0;
		};
		2A5981C92625D00B00C19E1A /* Sources */ = {
			isa = PBXSourcesBuildPhase;
			buildActionMask = 2147483647;
			files = (
				2A5981D22625D00B00C19E1A /* BoomVideoPlayerUITests.swift in Sources */,
			);
			runOnlyForDeploymentPostprocessing = 0;
		};
/* End PBXSourcesBuildPhase section */

/* Begin PBXTargetDependency section */
		2A5981C42625D00B00C19E1A /* PBXTargetDependency */ = {
			isa = PBXTargetDependency;
			target = 2A5981AB2625D00900C19E1A /* BoomVideoPlayer */;
			targetProxy = 2A5981C32625D00B00C19E1A /* PBXContainerItemProxy */;
		};
		2A5981CF2625D00B00C19E1A /* PBXTargetDependency */ = {
			isa = PBXTargetDependency;
			target = 2A5981AB2625D00900C19E1A /* BoomVideoPlayer */;
			targetProxy = 2A5981CE2625D00B00C19E1A /* PBXContainerItemProxy */;
		};
/* End PBXTargetDependency section */

/* Begin PBXVariantGroup section */
		2A5981B52625D00900C19E1A /* Main.storyboard */ = {
			isa = PBXVariantGroup;
			children = (
				2A5981B62625D00900C19E1A /* Base */,
			);
			name = Main.storyboard;
			sourceTree = "<group>";
		};
		2A5981BA2625D00A00C19E1A /* LaunchScreen.storyboard */ = {
			isa = PBXVariantGroup;
			children = (
				2A5981BB2625D00A00C19E1A /* Base */,
			);
			name = LaunchScreen.storyboard;
			sourceTree = "<group>";
		};
/* End PBXVariantGroup section */

/* Begin XCBuildConfiguration section */
		2A5981D42625D00B00C19E1A /* Debug */ = {
			isa = XCBuildConfiguration;
			buildSettings = {
				ALWAYS_SEARCH_USER_PATHS = NO;
				CLANG_ANALYZER_NONNULL = YES;
				CLANG_ANALYZER_NUMBER_OBJECT_CONVERSION = YES_AGGRESSIVE;
				CLANG_CXX_LANGUAGE_STANDARD = "gnu++14";
				CLANG_CXX_LIBRARY = "libc++";
				CLANG_ENABLE_MODULES = YES;
				CLANG_ENABLE_OBJC_ARC = YES;
				CLANG_ENABLE_OBJC_WEAK = YES;
				CLANG_WARN_BLOCK_CAPTURE_AUTORELEASING = YES;
				CLANG_WARN_BOOL_CONVERSION = YES;
				CLANG_WARN_COMMA = YES;
				CLANG_WARN_CONSTANT_CONVERSION = YES;
				CLANG_WARN_DEPRECATED_OBJC_IMPLEMENTATIONS = YES;
				CLANG_WARN_DIRECT_OBJC_ISA_USAGE = YES_ERROR;
				CLANG_WARN_DOCUMENTATION_COMMENTS = YES;
				CLANG_WARN_EMPTY_BODY = YES;
				CLANG_WARN_ENUM_CONVERSION = YES;
				CLANG_WARN_INFINITE_RECURSION = YES;
				CLANG_WARN_INT_CONVERSION = YES;
				CLANG_WARN_NON_LITERAL_NULL_CONVERSION = YES;
				CLANG_WARN_OBJC_IMPLICIT_RETAIN_SELF = YES;
				CLANG_WARN_OBJC_LITERAL_CONVERSION = YES;
				CLANG_WARN_OBJC_ROOT_CLASS = YES_ERROR;
				CLANG_WARN_QUOTED_INCLUDE_IN_FRAMEWORK_HEADER = YES;
				CLANG_WARN_RANGE_LOOP_ANALYSIS = YES;
				CLANG_WARN_STRICT_PROTOTYPES = YES;
				CLANG_WARN_SUSPICIOUS_MOVE = YES;
				CLANG_WARN_UNGUARDED_AVAILABILITY = YES_AGGRESSIVE;
				CLANG_WARN_UNREACHABLE_CODE = YES;
				CLANG_WARN__DUPLICATE_METHOD_MATCH = YES;
				COPY_PHASE_STRIP = NO;
				DEBUG_INFORMATION_FORMAT = dwarf;
				ENABLE_STRICT_OBJC_MSGSEND = YES;
				ENABLE_TESTABILITY = YES;
				GCC_C_LANGUAGE_STANDARD = gnu11;
				GCC_DYNAMIC_NO_PIC = NO;
				GCC_NO_COMMON_BLOCKS = YES;
				GCC_OPTIMIZATION_LEVEL = 0;
				GCC_PREPROCESSOR_DEFINITIONS = (
					"DEBUG=1",
					"$(inherited)",
				);
				GCC_WARN_64_TO_32_BIT_CONVERSION = YES;
				GCC_WARN_ABOUT_RETURN_TYPE = YES_ERROR;
				GCC_WARN_UNDECLARED_SELECTOR = YES;
				GCC_WARN_UNINITIALIZED_AUTOS = YES_AGGRESSIVE;
				GCC_WARN_UNUSED_FUNCTION = YES;
				GCC_WARN_UNUSED_VARIABLE = YES;
				IPHONEOS_DEPLOYMENT_TARGET = 9.0;
				MTL_ENABLE_DEBUG_INFO = INCLUDE_SOURCE;
				MTL_FAST_MATH = YES;
				ONLY_ACTIVE_ARCH = YES;
				SDKROOT = iphoneos;
				SWIFT_ACTIVE_COMPILATION_CONDITIONS = DEBUG;
				SWIFT_OPTIMIZATION_LEVEL = "-Onone";
			};
			name = Debug;
		};
		2A5981D52625D00B00C19E1A /* Release */ = {
			isa = XCBuildConfiguration;
			buildSettings = {
				ALWAYS_SEARCH_USER_PATHS = NO;
				CLANG_ANALYZER_NONNULL = YES;
				CLANG_ANALYZER_NUMBER_OBJECT_CONVERSION = YES_AGGRESSIVE;
				CLANG_CXX_LANGUAGE_STANDARD = "gnu++14";
				CLANG_CXX_LIBRARY = "libc++";
				CLANG_ENABLE_MODULES = YES;
				CLANG_ENABLE_OBJC_ARC = YES;
				CLANG_ENABLE_OBJC_WEAK = YES;
				CLANG_WARN_BLOCK_CAPTURE_AUTORELEASING = YES;
				CLANG_WARN_BOOL_CONVERSION = YES;
				CLANG_WARN_COMMA = YES;
				CLANG_WARN_CONSTANT_CONVERSION = YES;
				CLANG_WARN_DEPRECATED_OBJC_IMPLEMENTATIONS = YES;
				CLANG_WARN_DIRECT_OBJC_ISA_USAGE = YES_ERROR;
				CLANG_WARN_DOCUMENTATION_COMMENTS = YES;
				CLANG_WARN_EMPTY_BODY = YES;
				CLANG_WARN_ENUM_CONVERSION = YES;
				CLANG_WARN_INFINITE_RECURSION = YES;
				CLANG_WARN_INT_CONVERSION = YES;
				CLANG_WARN_NON_LITERAL_NULL_CONVERSION = YES;
				CLANG_WARN_OBJC_IMPLICIT_RETAIN_SELF = YES;
				CLANG_WARN_OBJC_LITERAL_CONVERSION = YES;
				CLANG_WARN_OBJC_ROOT_CLASS = YES_ERROR;
				CLANG_WARN_QUOTED_INCLUDE_IN_FRAMEWORK_HEADER = YES;
				CLANG_WARN_RANGE_LOOP_ANALYSIS = YES;
				CLANG_WARN_STRICT_PROTOTYPES = YES;
				CLANG_WARN_SUSPICIOUS_MOVE = YES;
				CLANG_WARN_UNGUARDED_AVAILABILITY = YES_AGGRESSIVE;
				CLANG_WARN_UNREACHABLE_CODE = YES;
				CLANG_WARN__DUPLICATE_METHOD_MATCH = YES;
				COPY_PHASE_STRIP = NO;
				DEBUG_INFORMATION_FORMAT = "dwarf-with-dsym";
				ENABLE_NS_ASSERTIONS = NO;
				ENABLE_STRICT_OBJC_MSGSEND = YES;
				GCC_C_LANGUAGE_STANDARD = gnu11;
				GCC_NO_COMMON_BLOCKS = YES;
				GCC_WARN_64_TO_32_BIT_CONVERSION = YES;
				GCC_WARN_ABOUT_RETURN_TYPE = YES_ERROR;
				GCC_WARN_UNDECLARED_SELECTOR = YES;
				GCC_WARN_UNINITIALIZED_AUTOS = YES_AGGRESSIVE;
				GCC_WARN_UNUSED_FUNCTION = YES;
				GCC_WARN_UNUSED_VARIABLE = YES;
				IPHONEOS_DEPLOYMENT_TARGET = 9.0;
				MTL_ENABLE_DEBUG_INFO = NO;
				MTL_FAST_MATH = YES;
				SDKROOT = iphoneos;
				SWIFT_COMPILATION_MODE = wholemodule;
				SWIFT_OPTIMIZATION_LEVEL = "-O";
				VALIDATE_PRODUCT = YES;
			};
			name = Release;
		};
		2A5981D72625D00B00C19E1A /* Debug */ = {
			isa = XCBuildConfiguration;
			buildSettings = {
				ASSETCATALOG_COMPILER_APPICON_NAME = AppIcon;
				ASSETCATALOG_COMPILER_GLOBAL_ACCENT_COLOR_NAME = AccentColor;
				CODE_SIGN_STYLE = Automatic;
				DEVELOPMENT_TEAM = AUU237XZLK;
				INFOPLIST_FILE = BoomVideoPlayer/Info.plist;
				LD_RUNPATH_SEARCH_PATHS = (
					"$(inherited)",
					"@executable_path/Frameworks",
				);
				PRODUCT_BUNDLE_IDENTIFIER = com.nextbeginning.www.BoomVideoPlayer;
				PRODUCT_NAME = "$(TARGET_NAME)";
				SWIFT_VERSION = 4.0;
				TARGETED_DEVICE_FAMILY = "1,2";
			};
			name = Debug;
		};
		2A5981D82625D00B00C19E1A /* Release */ = {
			isa = XCBuildConfiguration;
			buildSettings = {
				ASSETCATALOG_COMPILER_APPICON_NAME = AppIcon;
				ASSETCATALOG_COMPILER_GLOBAL_ACCENT_COLOR_NAME = AccentColor;
				CODE_SIGN_STYLE = Automatic;
				DEVELOPMENT_TEAM = AUU237XZLK;
				INFOPLIST_FILE = BoomVideoPlayer/Info.plist;
				LD_RUNPATH_SEARCH_PATHS = (
					"$(inherited)",
					"@executable_path/Frameworks",
				);
				PRODUCT_BUNDLE_IDENTIFIER = com.nextbeginning.www.BoomVideoPlayer;
				PRODUCT_NAME = "$(TARGET_NAME)";
				SWIFT_VERSION = 4.0;
				TARGETED_DEVICE_FAMILY = "1,2";
			};
			name = Release;
		};
		2A5981DA2625D00B00C19E1A /* Debug */ = {
			isa = XCBuildConfiguration;
			buildSettings = {
				ALWAYS_EMBED_SWIFT_STANDARD_LIBRARIES = YES;
				BUNDLE_LOADER = "$(TEST_HOST)";
				CODE_SIGN_STYLE = Automatic;
				DEVELOPMENT_TEAM = AUU237XZLK;
				INFOPLIST_FILE = BoomVideoPlayerTests/Info.plist;
				IPHONEOS_DEPLOYMENT_TARGET = 14.3;
				LD_RUNPATH_SEARCH_PATHS = (
					"$(inherited)",
					"@executable_path/Frameworks",
					"@loader_path/Frameworks",
				);
				PRODUCT_BUNDLE_IDENTIFIER = com.nextbeginning.www.BoomVideoPlayerTests;
				PRODUCT_NAME = "$(TARGET_NAME)";
				SWIFT_VERSION = 5.0;
				TARGETED_DEVICE_FAMILY = "1,2";
				TEST_HOST = "$(BUILT_PRODUCTS_DIR)/BoomVideoPlayer.app/BoomVideoPlayer";
			};
			name = Debug;
		};
		2A5981DB2625D00B00C19E1A /* Release */ = {
			isa = XCBuildConfiguration;
			buildSettings = {
				ALWAYS_EMBED_SWIFT_STANDARD_LIBRARIES = YES;
				BUNDLE_LOADER = "$(TEST_HOST)";
				CODE_SIGN_STYLE = Automatic;
				DEVELOPMENT_TEAM = AUU237XZLK;
				INFOPLIST_FILE = BoomVideoPlayerTests/Info.plist;
				IPHONEOS_DEPLOYMENT_TARGET = 14.3;
				LD_RUNPATH_SEARCH_PATHS = (
					"$(inherited)",
					"@executable_path/Frameworks",
					"@loader_path/Frameworks",
				);
				PRODUCT_BUNDLE_IDENTIFIER = com.nextbeginning.www.BoomVideoPlayerTests;
				PRODUCT_NAME = "$(TARGET_NAME)";
				SWIFT_VERSION = 5.0;
				TARGETED_DEVICE_FAMILY = "1,2";
				TEST_HOST = "$(BUILT_PRODUCTS_DIR)/BoomVideoPlayer.app/BoomVideoPlayer";
			};
			name = Release;
		};
		2A5981DD2625D00B00C19E1A /* Debug */ = {
			isa = XCBuildConfiguration;
			buildSettings = {
				ALWAYS_EMBED_SWIFT_STANDARD_LIBRARIES = YES;
				CODE_SIGN_STYLE = Automatic;
				DEVELOPMENT_TEAM = AUU237XZLK;
				INFOPLIST_FILE = BoomVideoPlayerUITests/Info.plist;
				LD_RUNPATH_SEARCH_PATHS = (
					"$(inherited)",
					"@executable_path/Frameworks",
					"@loader_path/Frameworks",
				);
				PRODUCT_BUNDLE_IDENTIFIER = com.nextbeginning.www.BoomVideoPlayerUITests;
				PRODUCT_NAME = "$(TARGET_NAME)";
				SWIFT_VERSION = 5.0;
				TARGETED_DEVICE_FAMILY = "1,2";
				TEST_TARGET_NAME = BoomVideoPlayer;
			};
			name = Debug;
		};
		2A5981DE2625D00B00C19E1A /* Release */ = {
			isa = XCBuildConfiguration;
			buildSettings = {
				ALWAYS_EMBED_SWIFT_STANDARD_LIBRARIES = YES;
				CODE_SIGN_STYLE = Automatic;
				DEVELOPMENT_TEAM = AUU237XZLK;
				INFOPLIST_FILE = BoomVideoPlayerUITests/Info.plist;
				LD_RUNPATH_SEARCH_PATHS = (
					"$(inherited)",
					"@executable_path/Frameworks",
					"@loader_path/Frameworks",
				);
				PRODUCT_BUNDLE_IDENTIFIER = com.nextbeginning.www.BoomVideoPlayerUITests;
				PRODUCT_NAME = "$(TARGET_NAME)";
				SWIFT_VERSION = 5.0;
				TARGETED_DEVICE_FAMILY = "1,2";
				TEST_TARGET_NAME = BoomVideoPlayer;
			};
			name = Release;
		};
/* End XCBuildConfiguration section */

/* Begin XCConfigurationList section */
		2A5981A72625D00900C19E1A /* Build configuration list for PBXProject "BoomVideoPlayer" */ = {
			isa = XCConfigurationList;
			buildConfigurations = (
				2A5981D42625D00B00C19E1A /* Debug */,
				2A5981D52625D00B00C19E1A /* Release */,
			);
			defaultConfigurationIsVisible = 0;
			defaultConfigurationName = Release;
		};
		2A5981D62625D00B00C19E1A /* Build configuration list for PBXNativeTarget "BoomVideoPlayer" */ = {
			isa = XCConfigurationList;
			buildConfigurations = (
				2A5981D72625D00B00C19E1A /* Debug */,
				2A5981D82625D00B00C19E1A /* Release */,
			);
			defaultConfigurationIsVisible = 0;
			defaultConfigurationName = Release;
		};
		2A5981D92625D00B00C19E1A /* Build configuration list for PBXNativeTarget "BoomVideoPlayerTests" */ = {
			isa = XCConfigurationList;
			buildConfigurations = (
				2A5981DA2625D00B00C19E1A /* Debug */,
				2A5981DB2625D00B00C19E1A /* Release */,
			);
			defaultConfigurationIsVisible = 0;
			defaultConfigurationName = Release;
		};
		2A5981DC2625D00B00C19E1A /* Build configuration list for PBXNativeTarget "BoomVideoPlayerUITests" */ = {
			isa = XCConfigurationList;
			buildConfigurations = (
				2A5981DD2625D00B00C19E1A /* Debug */,
				2A5981DE2625D00B00C19E1A /* Release */,
			);
			defaultConfigurationIsVisible = 0;
			defaultConfigurationName = Release;
		};
/* End XCConfigurationList section */
	};
	rootObject = 2A5981A42625D00900C19E1A /* Project object */;
}
